
Microsoft Visual Studio Solution File, Format Version 12.00
# Visual Studio Version 17
VisualStudioVersion = 17.5.33424.131
MinimumVisualStudioVersion = 10.0.40219.1
Project("{9A19103F-16F7-4668-BE54-9A1E7A4F7556}") = "Halibut", "Halibut\Halibut.csproj", "{9D8386A2-4F69-4F80-A21F-F646A9828E25}"
EndProject
Project("{9A19103F-16F7-4668-BE54-9A1E7A4F7556}") = "Halibut.Tests", "Halibut.Tests\Halibut.Tests.csproj", "{65BD1243-FCB9-40C6-A926-8B47E10904AA}"
EndProject
Project("{2150E333-8FDC-42A3-9474-1A3956D46DE8}") = "Build", "Build", "{B742FF5E-172B-4E39-A542-09C37ED46C16}"
	ProjectSection(SolutionItems) = preProject
		..\.gitattributes = ..\.gitattributes
		..\.gitignore = ..\.gitignore
		..\build.cake = ..\build.cake
		..\build.cmd = ..\build.cmd
		..\build.ps1 = ..\build.ps1
		..\build.sh = ..\build.sh
		..\gitversion.yml = ..\gitversion.yml
		..\LICENSE.txt = ..\LICENSE.txt
		..\README.md = ..\README.md
	EndProjectSection
EndProject
Project("{9A19103F-16F7-4668-BE54-9A1E7A4F7556}") = "_build", "..\build\_build.csproj", "{55223D02-0CE9-4325-9A4D-5E88A544B633}"
EndProject
Project("{9A19103F-16F7-4668-BE54-9A1E7A4F7556}") = "Halibut.TestUtils.CompatBinary.v5_0_429", "Halibut.TestUtils.CompatBinary.v5_0_429\Halibut.TestUtils.CompatBinary.v5_0_429.csproj", "{66014922-3A83-42A2-8C23-D327160175C9}"
EndProject
Project("{9A19103F-16F7-4668-BE54-9A1E7A4F7556}") = "Halibut.TestUtils.CompatBinary.Base", "Halibut.TestUtils.CompatBinary.Base\Halibut.TestUtils.CompatBinary.Base.csproj", "{BBC31D50-5170-49D9-A42D-625768705B7B}"
EndProject
Project("{9A19103F-16F7-4668-BE54-9A1E7A4F7556}") = "Halibut.TestUtils.CompatBinary.v5_0_236", "Halibut.TestUtils.CompatBinary.v5_0_236\Halibut.TestUtils.CompatBinary.v5_0_236.csproj", "{1718896B-5089-462C-AD60-E189A86A12F9}"
EndProject
Project("{9A19103F-16F7-4668-BE54-9A1E7A4F7556}") = "Octopus.TestPortForwarder", "Octopus.TestPortForwarder\Octopus.TestPortForwarder.csproj", "{ACF73278-BC28-4C60-ACF9-CAC3C5ACA45C}"
EndProject
Project("{9A19103F-16F7-4668-BE54-9A1E7A4F7556}") = "Halibut.Tests.DotMemory", "Halibut.Tests.DotMemory\Halibut.Tests.DotMemory.csproj", "{E0C851B9-DD65-4E0D-B215-6B43748A9C3E}"
EndProject
Project("{9A19103F-16F7-4668-BE54-9A1E7A4F7556}") = "Halibut.TestProxy", "Halibut.TestProxy\Halibut.TestProxy.csproj", "{11749A5B-EE19-4772-BC50-B6AEBEE32E91}"
EndProject
Project("{9A19103F-16F7-4668-BE54-9A1E7A4F7556}") = "Halibut.TestUtils.Contracts", "Halibut.TestUtils.Contracts\Halibut.TestUtils.Contracts.csproj", "{59786272-1F8F-4553-9C1E-B73360BB0559}"
EndProject
Global
	GlobalSection(SolutionConfigurationPlatforms) = preSolution
		Debug|Any CPU = Debug|Any CPU
		Debug|Mixed Platforms = Debug|Mixed Platforms
		Debug|x86 = Debug|x86
		Release|Any CPU = Release|Any CPU
		Release|Mixed Platforms = Release|Mixed Platforms
		Release|x86 = Release|x86
	EndGlobalSection
	GlobalSection(ProjectConfigurationPlatforms) = postSolution
		{9D8386A2-4F69-4F80-A21F-F646A9828E25}.Debug|Any CPU.ActiveCfg = Debug|Any CPU
		{9D8386A2-4F69-4F80-A21F-F646A9828E25}.Debug|Any CPU.Build.0 = Debug|Any CPU
		{9D8386A2-4F69-4F80-A21F-F646A9828E25}.Debug|Mixed Platforms.ActiveCfg = Debug|Any CPU
		{9D8386A2-4F69-4F80-A21F-F646A9828E25}.Debug|Mixed Platforms.Build.0 = Debug|Any CPU
		{9D8386A2-4F69-4F80-A21F-F646A9828E25}.Debug|x86.ActiveCfg = Debug|Any CPU
		{9D8386A2-4F69-4F80-A21F-F646A9828E25}.Debug|x86.Build.0 = Debug|Any CPU
		{9D8386A2-4F69-4F80-A21F-F646A9828E25}.Release|Any CPU.ActiveCfg = Release|Any CPU
		{9D8386A2-4F69-4F80-A21F-F646A9828E25}.Release|Any CPU.Build.0 = Release|Any CPU
		{9D8386A2-4F69-4F80-A21F-F646A9828E25}.Release|Mixed Platforms.ActiveCfg = Release|Any CPU
		{9D8386A2-4F69-4F80-A21F-F646A9828E25}.Release|Mixed Platforms.Build.0 = Release|Any CPU
		{9D8386A2-4F69-4F80-A21F-F646A9828E25}.Release|x86.ActiveCfg = Release|Any CPU
		{9D8386A2-4F69-4F80-A21F-F646A9828E25}.Release|x86.Build.0 = Release|Any CPU
		{65BD1243-FCB9-40C6-A926-8B47E10904AA}.Debug|Any CPU.ActiveCfg = Debug|Any CPU
		{65BD1243-FCB9-40C6-A926-8B47E10904AA}.Debug|Any CPU.Build.0 = Debug|Any CPU
		{65BD1243-FCB9-40C6-A926-8B47E10904AA}.Debug|Mixed Platforms.ActiveCfg = Debug|Any CPU
		{65BD1243-FCB9-40C6-A926-8B47E10904AA}.Debug|Mixed Platforms.Build.0 = Debug|Any CPU
		{65BD1243-FCB9-40C6-A926-8B47E10904AA}.Debug|x86.ActiveCfg = Debug|Any CPU
		{65BD1243-FCB9-40C6-A926-8B47E10904AA}.Debug|x86.Build.0 = Debug|Any CPU
		{65BD1243-FCB9-40C6-A926-8B47E10904AA}.Release|Any CPU.ActiveCfg = Release|Any CPU
		{65BD1243-FCB9-40C6-A926-8B47E10904AA}.Release|Any CPU.Build.0 = Release|Any CPU
		{65BD1243-FCB9-40C6-A926-8B47E10904AA}.Release|Mixed Platforms.ActiveCfg = Release|Any CPU
		{65BD1243-FCB9-40C6-A926-8B47E10904AA}.Release|Mixed Platforms.Build.0 = Release|Any CPU
		{65BD1243-FCB9-40C6-A926-8B47E10904AA}.Release|x86.ActiveCfg = Release|Any CPU
		{65BD1243-FCB9-40C6-A926-8B47E10904AA}.Release|x86.Build.0 = Release|Any CPU
		{66014922-3A83-42A2-8C23-D327160175C9}.Debug|Any CPU.ActiveCfg = Debug|Any CPU
		{66014922-3A83-42A2-8C23-D327160175C9}.Debug|Any CPU.Build.0 = Debug|Any CPU
		{66014922-3A83-42A2-8C23-D327160175C9}.Debug|Mixed Platforms.ActiveCfg = Debug|Any CPU
		{66014922-3A83-42A2-8C23-D327160175C9}.Debug|Mixed Platforms.Build.0 = Debug|Any CPU
		{66014922-3A83-42A2-8C23-D327160175C9}.Debug|x86.ActiveCfg = Debug|Any CPU
		{66014922-3A83-42A2-8C23-D327160175C9}.Debug|x86.Build.0 = Debug|Any CPU
		{66014922-3A83-42A2-8C23-D327160175C9}.Release|Any CPU.ActiveCfg = Release|Any CPU
		{66014922-3A83-42A2-8C23-D327160175C9}.Release|Any CPU.Build.0 = Release|Any CPU
		{66014922-3A83-42A2-8C23-D327160175C9}.Release|Mixed Platforms.ActiveCfg = Release|Any CPU
		{66014922-3A83-42A2-8C23-D327160175C9}.Release|Mixed Platforms.Build.0 = Release|Any CPU
		{66014922-3A83-42A2-8C23-D327160175C9}.Release|x86.ActiveCfg = Release|Any CPU
		{66014922-3A83-42A2-8C23-D327160175C9}.Release|x86.Build.0 = Release|Any CPU
		{BBC31D50-5170-49D9-A42D-625768705B7B}.Debug|Any CPU.ActiveCfg = Debug|Any CPU
		{BBC31D50-5170-49D9-A42D-625768705B7B}.Debug|Any CPU.Build.0 = Debug|Any CPU
		{BBC31D50-5170-49D9-A42D-625768705B7B}.Debug|Mixed Platforms.ActiveCfg = Debug|Any CPU
		{BBC31D50-5170-49D9-A42D-625768705B7B}.Debug|Mixed Platforms.Build.0 = Debug|Any CPU
		{BBC31D50-5170-49D9-A42D-625768705B7B}.Debug|x86.ActiveCfg = Debug|Any CPU
		{BBC31D50-5170-49D9-A42D-625768705B7B}.Debug|x86.Build.0 = Debug|Any CPU
		{BBC31D50-5170-49D9-A42D-625768705B7B}.Release|Any CPU.ActiveCfg = Release|Any CPU
		{BBC31D50-5170-49D9-A42D-625768705B7B}.Release|Any CPU.Build.0 = Release|Any CPU
		{BBC31D50-5170-49D9-A42D-625768705B7B}.Release|Mixed Platforms.ActiveCfg = Release|Any CPU
		{BBC31D50-5170-49D9-A42D-625768705B7B}.Release|Mixed Platforms.Build.0 = Release|Any CPU
		{BBC31D50-5170-49D9-A42D-625768705B7B}.Release|x86.ActiveCfg = Release|Any CPU
		{BBC31D50-5170-49D9-A42D-625768705B7B}.Release|x86.Build.0 = Release|Any CPU
		{1718896B-5089-462C-AD60-E189A86A12F9}.Debug|Any CPU.ActiveCfg = Debug|Any CPU
		{1718896B-5089-462C-AD60-E189A86A12F9}.Debug|Any CPU.Build.0 = Debug|Any CPU
		{1718896B-5089-462C-AD60-E189A86A12F9}.Debug|Mixed Platforms.ActiveCfg = Debug|Any CPU
		{1718896B-5089-462C-AD60-E189A86A12F9}.Debug|Mixed Platforms.Build.0 = Debug|Any CPU
		{1718896B-5089-462C-AD60-E189A86A12F9}.Debug|x86.ActiveCfg = Debug|Any CPU
		{1718896B-5089-462C-AD60-E189A86A12F9}.Debug|x86.Build.0 = Debug|Any CPU
		{1718896B-5089-462C-AD60-E189A86A12F9}.Release|Any CPU.ActiveCfg = Release|Any CPU
		{1718896B-5089-462C-AD60-E189A86A12F9}.Release|Any CPU.Build.0 = Release|Any CPU
		{1718896B-5089-462C-AD60-E189A86A12F9}.Release|Mixed Platforms.ActiveCfg = Release|Any CPU
		{1718896B-5089-462C-AD60-E189A86A12F9}.Release|Mixed Platforms.Build.0 = Release|Any CPU
		{1718896B-5089-462C-AD60-E189A86A12F9}.Release|x86.ActiveCfg = Release|Any CPU
		{1718896B-5089-462C-AD60-E189A86A12F9}.Release|x86.Build.0 = Release|Any CPU
		{ACF73278-BC28-4C60-ACF9-CAC3C5ACA45C}.Debug|Any CPU.ActiveCfg = Debug|Any CPU
		{ACF73278-BC28-4C60-ACF9-CAC3C5ACA45C}.Debug|Any CPU.Build.0 = Debug|Any CPU
		{ACF73278-BC28-4C60-ACF9-CAC3C5ACA45C}.Debug|Mixed Platforms.ActiveCfg = Debug|Any CPU
		{ACF73278-BC28-4C60-ACF9-CAC3C5ACA45C}.Debug|Mixed Platforms.Build.0 = Debug|Any CPU
		{ACF73278-BC28-4C60-ACF9-CAC3C5ACA45C}.Debug|x86.ActiveCfg = Debug|Any CPU
		{ACF73278-BC28-4C60-ACF9-CAC3C5ACA45C}.Debug|x86.Build.0 = Debug|Any CPU
		{ACF73278-BC28-4C60-ACF9-CAC3C5ACA45C}.Release|Any CPU.ActiveCfg = Release|Any CPU
		{ACF73278-BC28-4C60-ACF9-CAC3C5ACA45C}.Release|Any CPU.Build.0 = Release|Any CPU
		{ACF73278-BC28-4C60-ACF9-CAC3C5ACA45C}.Release|Mixed Platforms.ActiveCfg = Release|Any CPU
		{ACF73278-BC28-4C60-ACF9-CAC3C5ACA45C}.Release|Mixed Platforms.Build.0 = Release|Any CPU
		{ACF73278-BC28-4C60-ACF9-CAC3C5ACA45C}.Release|x86.ActiveCfg = Release|Any CPU
		{ACF73278-BC28-4C60-ACF9-CAC3C5ACA45C}.Release|x86.Build.0 = Release|Any CPU
		{E0C851B9-DD65-4E0D-B215-6B43748A9C3E}.Debug|Any CPU.ActiveCfg = Debug|Any CPU
		{E0C851B9-DD65-4E0D-B215-6B43748A9C3E}.Debug|Any CPU.Build.0 = Debug|Any CPU
		{E0C851B9-DD65-4E0D-B215-6B43748A9C3E}.Debug|Mixed Platforms.ActiveCfg = Debug|Any CPU
		{E0C851B9-DD65-4E0D-B215-6B43748A9C3E}.Debug|Mixed Platforms.Build.0 = Debug|Any CPU
		{E0C851B9-DD65-4E0D-B215-6B43748A9C3E}.Debug|x86.ActiveCfg = Debug|Any CPU
		{E0C851B9-DD65-4E0D-B215-6B43748A9C3E}.Debug|x86.Build.0 = Debug|Any CPU
		{E0C851B9-DD65-4E0D-B215-6B43748A9C3E}.Release|Any CPU.ActiveCfg = Release|Any CPU
		{E0C851B9-DD65-4E0D-B215-6B43748A9C3E}.Release|Any CPU.Build.0 = Release|Any CPU
		{E0C851B9-DD65-4E0D-B215-6B43748A9C3E}.Release|Mixed Platforms.ActiveCfg = Release|Any CPU
		{E0C851B9-DD65-4E0D-B215-6B43748A9C3E}.Release|Mixed Platforms.Build.0 = Release|Any CPU
		{E0C851B9-DD65-4E0D-B215-6B43748A9C3E}.Release|x86.ActiveCfg = Release|Any CPU
		{E0C851B9-DD65-4E0D-B215-6B43748A9C3E}.Release|x86.Build.0 = Release|Any CPU
		{11749A5B-EE19-4772-BC50-B6AEBEE32E91}.Debug|Any CPU.ActiveCfg = Debug|Any CPU
		{11749A5B-EE19-4772-BC50-B6AEBEE32E91}.Debug|Any CPU.Build.0 = Debug|Any CPU
		{11749A5B-EE19-4772-BC50-B6AEBEE32E91}.Debug|Mixed Platforms.ActiveCfg = Debug|Any CPU
		{11749A5B-EE19-4772-BC50-B6AEBEE32E91}.Debug|Mixed Platforms.Build.0 = Debug|Any CPU
		{11749A5B-EE19-4772-BC50-B6AEBEE32E91}.Debug|x86.ActiveCfg = Debug|Any CPU
		{11749A5B-EE19-4772-BC50-B6AEBEE32E91}.Debug|x86.Build.0 = Debug|Any CPU
		{11749A5B-EE19-4772-BC50-B6AEBEE32E91}.Release|Any CPU.ActiveCfg = Release|Any CPU
		{11749A5B-EE19-4772-BC50-B6AEBEE32E91}.Release|Any CPU.Build.0 = Release|Any CPU
		{11749A5B-EE19-4772-BC50-B6AEBEE32E91}.Release|Mixed Platforms.ActiveCfg = Release|Any CPU
		{11749A5B-EE19-4772-BC50-B6AEBEE32E91}.Release|Mixed Platforms.Build.0 = Release|Any CPU
		{11749A5B-EE19-4772-BC50-B6AEBEE32E91}.Release|x86.ActiveCfg = Release|Any CPU
		{11749A5B-EE19-4772-BC50-B6AEBEE32E91}.Release|x86.Build.0 = Release|Any CPU
		{59786272-1F8F-4553-9C1E-B73360BB0559}.Debug|Any CPU.ActiveCfg = Debug|Any CPU
		{59786272-1F8F-4553-9C1E-B73360BB0559}.Debug|Any CPU.Build.0 = Debug|Any CPU
		{59786272-1F8F-4553-9C1E-B73360BB0559}.Debug|Mixed Platforms.ActiveCfg = Debug|Any CPU
		{59786272-1F8F-4553-9C1E-B73360BB0559}.Debug|Mixed Platforms.Build.0 = Debug|Any CPU
		{59786272-1F8F-4553-9C1E-B73360BB0559}.Debug|x86.ActiveCfg = Debug|Any CPU
		{59786272-1F8F-4553-9C1E-B73360BB0559}.Debug|x86.Build.0 = Debug|Any CPU
		{59786272-1F8F-4553-9C1E-B73360BB0559}.Release|Any CPU.ActiveCfg = Release|Any CPU
		{59786272-1F8F-4553-9C1E-B73360BB0559}.Release|Any CPU.Build.0 = Release|Any CPU
		{59786272-1F8F-4553-9C1E-B73360BB0559}.Release|Mixed Platforms.ActiveCfg = Release|Any CPU
		{59786272-1F8F-4553-9C1E-B73360BB0559}.Release|Mixed Platforms.Build.0 = Release|Any CPU
		{59786272-1F8F-4553-9C1E-B73360BB0559}.Release|x86.ActiveCfg = Release|Any CPU
		{59786272-1F8F-4553-9C1E-B73360BB0559}.Release|x86.Build.0 = Release|Any CPU
	EndGlobalSection
	GlobalSection(SolutionProperties) = preSolution
		HideSolutionNode = FALSE
	EndGlobalSection
	GlobalSection(ExtensibilityGlobals) = postSolution
		SolutionGuid = {FDCBBB7C-27C9-42B6-9E5B-2F398BF5405C}
	EndGlobalSection
	GlobalSection(MonoDevelopProperties) = preSolution
		StartupItem = Halibut.SampleClient\Halibut.SampleClient.csproj
	EndGlobalSection
EndGlobal
